
Microsoft Visual Studio Solution File, Format Version 12.00
# Visual Studio 15
VisualStudioVersion = 15.0.27703.2018
MinimumVisualStudioVersion = 10.0.40219.1
Project("{FAE04EC0-301F-11D3-BF4B-00C04F79EFBC}") = "DataAccess", "DataAccess\DataAccess.csproj", "{8078B59F-DE03-4A80-AE3C-16E1EA2741E5}"
EndProject
Project("{FAE04EC0-301F-11D3-BF4B-00C04F79EFBC}") = "HolidayInnTests", "HolidayInnTests\HolidayInnTests.csproj", "{4306B621-323B-4574-BFBF-2D002491AE1E}"
EndProject
Project("{FAE04EC0-301F-11D3-BF4B-00C04F79EFBC}") = "Edument.CQRS", "Edument.CQRS\Edument.CQRS.csproj", "{D2BAB57D-225D-4F4C-9410-ED39495A8FE0}"
EndProject
Project("{FAE04EC0-301F-11D3-BF4B-00C04F79EFBC}") = "Events", "Events\Events.csproj", "{B195F4C7-41EF-403C-AA05-0018B9DF25F8}"
EndProject
Project("{00D1A9C2-B5F0-4AF3-8072-F6C62B433612}") = "HolidayInnDB", "HolidayInnDB\HolidayInnDB.sqlproj", "{9CA52DAA-9923-4D02-BB70-5D382800C42D}"
EndProject
Project("{FAE04EC0-301F-11D3-BF4B-00C04F79EFBC}") = "HolidayInn", "HolidayInn\HolidayInn.csproj", "{42FE290D-7A80-451B-AC4F-A7B34B3B3D3B}"
EndProject
Project("{FAE04EC0-301F-11D3-BF4B-00C04F79EFBC}") = "WebFrontEnd", "WebFrontEnd\WebFrontEnd.csproj", "{8B604EBA-8BEB-4518-8319-97846D77117A}"
EndProject
Project("{FAE04EC0-301F-11D3-BF4B-00C04F79EFBC}") = "HolidayInnReadModels", "HolidayInnReadModels\HolidayInnReadModels.csproj", "{B8A4F463-D91E-45D7-83B0-D69D8FBE367B}"
EndProject
Global
	GlobalSection(SolutionConfigurationPlatforms) = preSolution
		Debug|Any CPU = Debug|Any CPU
		Release|Any CPU = Release|Any CPU
	EndGlobalSection
	GlobalSection(ProjectConfigurationPlatforms) = postSolution
		{8078B59F-DE03-4A80-AE3C-16E1EA2741E5}.Debug|Any CPU.ActiveCfg = Debug|Any CPU
		{8078B59F-DE03-4A80-AE3C-16E1EA2741E5}.Debug|Any CPU.Build.0 = Debug|Any CPU
		{8078B59F-DE03-4A80-AE3C-16E1EA2741E5}.Release|Any CPU.ActiveCfg = Release|Any CPU
		{8078B59F-DE03-4A80-AE3C-16E1EA2741E5}.Release|Any CPU.Build.0 = Release|Any CPU
		{4306B621-323B-4574-BFBF-2D002491AE1E}.Debug|Any CPU.ActiveCfg = Debug|Any CPU
		{4306B621-323B-4574-BFBF-2D002491AE1E}.Debug|Any CPU.Build.0 = Debug|Any CPU
		{4306B621-323B-4574-BFBF-2D002491AE1E}.Release|Any CPU.ActiveCfg = Release|Any CPU
		{4306B621-323B-4574-BFBF-2D002491AE1E}.Release|Any CPU.Build.0 = Release|Any CPU
		{D2BAB57D-225D-4F4C-9410-ED39495A8FE0}.Debug|Any CPU.ActiveCfg = Debug|Any CPU
		{D2BAB57D-225D-4F4C-9410-ED39495A8FE0}.Debug|Any CPU.Build.0 = Debug|Any CPU
		{D2BAB57D-225D-4F4C-9410-ED39495A8FE0}.Release|Any CPU.ActiveCfg = Release|Any CPU
		{D2BAB57D-225D-4F4C-9410-ED39495A8FE0}.Release|Any CPU.Build.0 = Release|Any CPU
		{B195F4C7-41EF-403C-AA05-0018B9DF25F8}.Debug|Any CPU.ActiveCfg = Debug|Any CPU
		{B195F4C7-41EF-403C-AA05-0018B9DF25F8}.Debug|Any CPU.Build.0 = Debug|Any CPU
		{B195F4C7-41EF-403C-AA05-0018B9DF25F8}.Release|Any CPU.ActiveCfg = Release|Any CPU
		{B195F4C7-41EF-403C-AA05-0018B9DF25F8}.Release|Any CPU.Build.0 = Release|Any CPU
		{9CA52DAA-9923-4D02-BB70-5D382800C42D}.Debug|Any CPU.ActiveCfg = Debug|Any CPU
		{9CA52DAA-9923-4D02-BB70-5D382800C42D}.Debug|Any CPU.Build.0 = Debug|Any CPU
		{9CA52DAA-9923-4D02-BB70-5D382800C42D}.Debug|Any CPU.Deploy.0 = Debug|Any CPU
		{9CA52DAA-9923-4D02-BB70-5D382800C42D}.Release|Any CPU.ActiveCfg = Release|Any CPU
		{9CA52DAA-9923-4D02-BB70-5D382800C42D}.Release|Any CPU.Build.0 = Release|Any CPU
		{9CA52DAA-9923-4D02-BB70-5D382800C42D}.Release|Any CPU.Deploy.0 = Release|Any CPU
		{42FE290D-7A80-451B-AC4F-A7B34B3B3D3B}.Debug|Any CPU.ActiveCfg = Debug|Any CPU
		{42FE290D-7A80-451B-AC4F-A7B34B3B3D3B}.Debug|Any CPU.Build.0 = Debug|Any CPU
		{42FE290D-7A80-451B-AC4F-A7B34B3B3D3B}.Release|Any CPU.ActiveCfg = Release|Any CPU
		{42FE290D-7A80-451B-AC4F-A7B34B3B3D3B}.Release|Any CPU.Build.0 = Release|Any CPU
		{8B604EBA-8BEB-4518-8319-97846D77117A}.Debug|Any CPU.ActiveCfg = Debug|Any CPU
		{8B604EBA-8BEB-4518-8319-97846D77117A}.Debug|Any CPU.Build.0 = Debug|Any CPU
		{8B604EBA-8BEB-4518-8319-97846D77117A}.Release|Any CPU.ActiveCfg = Release|Any CPU
		{8B604EBA-8BEB-4518-8319-97846D77117A}.Release|Any CPU.Build.0 = Release|Any CPU
		{B8A4F463-D91E-45D7-83B0-D69D8FBE367B}.Debug|Any CPU.ActiveCfg = Debug|Any CPU
		{B8A4F463-D91E-45D7-83B0-D69D8FBE367B}.Debug|Any CPU.Build.0 = Debug|Any CPU
		{B8A4F463-D91E-45D7-83B0-D69D8FBE367B}.Release|Any CPU.ActiveCfg = Release|Any CPU
		{B8A4F463-D91E-45D7-83B0-D69D8FBE367B}.Release|Any CPU.Build.0 = Release|Any CPU
	EndGlobalSection
	GlobalSection(SolutionProperties) = preSolution
		HideSolutionNode = FALSE
	EndGlobalSection
	GlobalSection(ExtensibilityGlobals) = postSolution
		SolutionGuid = {ABD04E3C-FFE1-4DBB-B8F5-74596CC8DD8A}
	EndGlobalSection
EndGlobal
